// !$*UTF8*$!
{
	archiveVersion = 1;
	classes = {
	};
	objectVersion = 50;
	objects = {

/* Begin PBXBuildFile section */
		F0449A222702101B0022F165 /* AppDelegate.swift in Sources */ = {isa = PBXBuildFile; fileRef = F0449A212702101B0022F165 /* AppDelegate.swift */; };
		F0449A242702101B0022F165 /* SceneDelegate.swift in Sources */ = {isa = PBXBuildFile; fileRef = F0449A232702101B0022F165 /* SceneDelegate.swift */; };
		F0449A262702101B0022F165 /* ViewController.swift in Sources */ = {isa = PBXBuildFile; fileRef = F0449A252702101B0022F165 /* ViewController.swift */; };
		F0449A292702101B0022F165 /* Main.storyboard in Resources */ = {isa = PBXBuildFile; fileRef = F0449A272702101B0022F165 /* Main.storyboard */; };
		F0449A2B2702101D0022F165 /* Assets.xcassets in Resources */ = {isa = PBXBuildFile; fileRef = F0449A2A2702101D0022F165 /* Assets.xcassets */; };
		F0449A2E2702101D0022F165 /* LaunchScreen.storyboard in Resources */ = {isa = PBXBuildFile; fileRef = F0449A2C2702101D0022F165 /* LaunchScreen.storyboard */; };
		F0449A392702101D0022F165 /* WeatherAppCOmbineTests.swift in Sources */ = {isa = PBXBuildFile; fileRef = F0449A382702101D0022F165 /* WeatherAppCOmbineTests.swift */; };
		F0449A442702101D0022F165 /* WeatherAppCOmbineUITests.swift in Sources */ = {isa = PBXBuildFile; fileRef = F0449A432702101D0022F165 /* WeatherAppCOmbineUITests.swift */; };
/* End PBXBuildFile section */

/* Begin PBXContainerItemProxy section */
		F0449A352702101D0022F165 /* PBXContainerItemProxy */ = {
			isa = PBXContainerItemProxy;
			containerPortal = F0449A162702101B0022F165 /* Project object */;
			proxyType = 1;
			remoteGlobalIDString = F0449A1D2702101B0022F165;
			remoteInfo = WeatherAppCOmbine;
		};
		F0449A402702101D0022F165 /* PBXContainerItemProxy */ = {
			isa = PBXContainerItemProxy;
			containerPortal = F0449A162702101B0022F165 /* Project object */;
			proxyType = 1;
			remoteGlobalIDString = F0449A1D2702101B0022F165;
			remoteInfo = WeatherAppCOmbine;
		};
/* End PBXContainerItemProxy section */

/* Begin PBXFileReference section */
		F0449A1E2702101B0022F165 /* WeatherAppCOmbine.app */ = {isa = PBXFileReference; explicitFileType = wrapper.application; includeInIndex = 0; path = WeatherAppCOmbine.app; sourceTree = BUILT_PRODUCTS_DIR; };
		F0449A212702101B0022F165 /* AppDelegate.swift */ = {isa = PBXFileReference; lastKnownFileType = sourcecode.swift; path = AppDelegate.swift; sourceTree = "<group>"; };
		F0449A232702101B0022F165 /* SceneDelegate.swift */ = {isa = PBXFileReference; lastKnownFileType = sourcecode.swift; path = SceneDelegate.swift; sourceTree = "<group>"; };
		F0449A252702101B0022F165 /* ViewController.swift */ = {isa = PBXFileReference; lastKnownFileType = sourcecode.swift; path = ViewController.swift; sourceTree = "<group>"; };
		F0449A282702101B0022F165 /* Base */ = {isa = PBXFileReference; lastKnownFileType = file.storyboard; name = Base; path = Base.lproj/Main.storyboard; sourceTree = "<group>"; };
		F0449A2A2702101D0022F165 /* Assets.xcassets */ = {isa = PBXFileReference; lastKnownFileType = folder.assetcatalog; path = Assets.xcassets; sourceTree = "<group>"; };
		F0449A2D2702101D0022F165 /* Base */ = {isa = PBXFileReference; lastKnownFileType = file.storyboard; name = Base; path = Base.lproj/LaunchScreen.storyboard; sourceTree = "<group>"; };
		F0449A2F2702101D0022F165 /* Info.plist */ = {isa = PBXFileReference; lastKnownFileType = text.plist.xml; path = Info.plist; sourceTree = "<group>"; };
		F0449A342702101D0022F165 /* WeatherAppCOmbineTests.xctest */ = {isa = PBXFileReference; explicitFileType = wrapper.cfbundle; includeInIndex = 0; path = WeatherAppCOmbineTests.xctest; sourceTree = BUILT_PRODUCTS_DIR; };
		F0449A382702101D0022F165 /* WeatherAppCOmbineTests.swift */ = {isa = PBXFileReference; lastKnownFileType = sourcecode.swift; path = WeatherAppCOmbineTests.swift; sourceTree = "<group>"; };
		F0449A3A2702101D0022F165 /* Info.plist */ = {isa = PBXFileReference; lastKnownFileType = text.plist.xml; path = Info.plist; sourceTree = "<group>"; };
		F0449A3F2702101D0022F165 /* WeatherAppCOmbineUITests.xctest */ = {isa = PBXFileReference; explicitFileType = wrapper.cfbundle; includeInIndex = 0; path = WeatherAppCOmbineUITests.xctest; sourceTree = BUILT_PRODUCTS_DIR; };
		F0449A432702101D0022F165 /* WeatherAppCOmbineUITests.swift */ = {isa = PBXFileReference; lastKnownFileType = sourcecode.swift; path = WeatherAppCOmbineUITests.swift; sourceTree = "<group>"; };
		F0449A452702101E0022F165 /* Info.plist */ = {isa = PBXFileReference; lastKnownFileType = text.plist.xml; path = Info.plist; sourceTree = "<group>"; };
/* End PBXFileReference section */

/* Begin PBXFrameworksBuildPhase section */
		F0449A1B2702101B0022F165 /* Frameworks */ = {
			isa = PBXFrameworksBuildPhase;
			buildActionMask = 2147483647;
			files = (
			);
			runOnlyForDeploymentPostprocessing = 0;
		};
		F0449A312702101D0022F165 /* Frameworks */ = {
			isa = PBXFrameworksBuildPhase;
			buildActionMask = 2147483647;
			files = (
			);
			runOnlyForDeploymentPostprocessing = 0;
		};
		F0449A3C2702101D0022F165 /* Frameworks */ = {
			isa = PBXFrameworksBuildPhase;
			buildActionMask = 2147483647;
			files = (
			);
			runOnlyForDeploymentPostprocessing = 0;
		};
/* End PBXFrameworksBuildPhase section */

/* Begin PBXGroup section */
		F0449A152702101B0022F165 = {
			isa = PBXGroup;
			children = (
				F0449A202702101B0022F165 /* WeatherAppCOmbine */,
				F0449A372702101D0022F165 /* WeatherAppCOmbineTests */,
				F0449A422702101D0022F165 /* WeatherAppCOmbineUITests */,
				F0449A1F2702101B0022F165 /* Products */,
			);
			sourceTree = "<group>";
		};
		F0449A1F2702101B0022F165 /* Products */ = {
			isa = PBXGroup;
			children = (
				F0449A1E2702101B0022F165 /* WeatherAppCOmbine.app */,
				F0449A342702101D0022F165 /* WeatherAppCOmbineTests.xctest */,
				F0449A3F2702101D0022F165 /* WeatherAppCOmbineUITests.xctest */,
			);
			name = Products;
			sourceTree = "<group>";
		};
		F0449A202702101B0022F165 /* WeatherAppCOmbine */ = {
			isa = PBXGroup;
			children = (
				F0449A212702101B0022F165 /* AppDelegate.swift */,
				F0449A232702101B0022F165 /* SceneDelegate.swift */,
				F0449A252702101B0022F165 /* ViewController.swift */,
				F0449A272702101B0022F165 /* Main.storyboard */,
				F0449A2A2702101D0022F165 /* Assets.xcassets */,
				F0449A2C2702101D0022F165 /* LaunchScreen.storyboard */,
				F0449A2F2702101D0022F165 /* Info.plist */,
			);
			path = WeatherAppCOmbine;
			sourceTree = "<group>";
		};
		F0449A372702101D0022F165 /* WeatherAppCOmbineTests */ = {
			isa = PBXGroup;
			children = (
				F0449A382702101D0022F165 /* WeatherAppCOmbineTests.swift */,
				F0449A3A2702101D0022F165 /* Info.plist */,
			);
			path = WeatherAppCOmbineTests;
			sourceTree = "<group>";
		};
		F0449A422702101D0022F165 /* WeatherAppCOmbineUITests */ = {
			isa = PBXGroup;
			children = (
				F0449A432702101D0022F165 /* WeatherAppCOmbineUITests.swift */,
				F0449A452702101E0022F165 /* Info.plist */,
			);
			path = WeatherAppCOmbineUITests;
			sourceTree = "<group>";
		};
/* End PBXGroup section */

/* Begin PBXNativeTarget section */
		F0449A1D2702101B0022F165 /* WeatherAppCOmbine */ = {
			isa = PBXNativeTarget;
			buildConfigurationList = F0449A482702101E0022F165 /* Build configuration list for PBXNativeTarget "WeatherAppCOmbine" */;
			buildPhases = (
				F0449A1A2702101B0022F165 /* Sources */,
				F0449A1B2702101B0022F165 /* Frameworks */,
				F0449A1C2702101B0022F165 /* Resources */,
			);
			buildRules = (
			);
			dependencies = (
			);
			name = WeatherAppCOmbine;
			productName = WeatherAppCOmbine;
			productReference = F0449A1E2702101B0022F165 /* WeatherAppCOmbine.app */;
			productType = "com.apple.product-type.application";
		};
		F0449A332702101D0022F165 /* WeatherAppCOmbineTests */ = {
			isa = PBXNativeTarget;
			buildConfigurationList = F0449A4B2702101E0022F165 /* Build configuration list for PBXNativeTarget "WeatherAppCOmbineTests" */;
			buildPhases = (
				F0449A302702101D0022F165 /* Sources */,
				F0449A312702101D0022F165 /* Frameworks */,
				F0449A322702101D0022F165 /* Resources */,
			);
			buildRules = (
			);
			dependencies = (
				F0449A362702101D0022F165 /* PBXTargetDependency */,
			);
			name = WeatherAppCOmbineTests;
			productName = WeatherAppCOmbineTests;
			productReference = F0449A342702101D0022F165 /* WeatherAppCOmbineTests.xctest */;
			productType = "com.apple.product-type.bundle.unit-test";
		};
		F0449A3E2702101D0022F165 /* WeatherAppCOmbineUITests */ = {
			isa = PBXNativeTarget;
			buildConfigurationList = F0449A4E2702101E0022F165 /* Build configuration list for PBXNativeTarget "WeatherAppCOmbineUITests" */;
			buildPhases = (
				F0449A3B2702101D0022F165 /* Sources */,
				F0449A3C2702101D0022F165 /* Frameworks */,
				F0449A3D2702101D0022F165 /* Resources */,
			);
			buildRules = (
			);
			dependencies = (
				F0449A412702101D0022F165 /* PBXTargetDependency */,
			);
			name = WeatherAppCOmbineUITests;
			productName = WeatherAppCOmbineUITests;
			productReference = F0449A3F2702101D0022F165 /* WeatherAppCOmbineUITests.xctest */;
			productType = "com.apple.product-type.bundle.ui-testing";
		};
/* End PBXNativeTarget section */

/* Begin PBXProject section */
		F0449A162702101B0022F165 /* Project object */ = {
			isa = PBXProject;
			attributes = {
				LastSwiftUpdateCheck = 1250;
				LastUpgradeCheck = 1250;
				TargetAttributes = {
					F0449A1D2702101B0022F165 = {
						CreatedOnToolsVersion = 12.5.1;
					};
					F0449A332702101D0022F165 = {
						CreatedOnToolsVersion = 12.5.1;
						TestTargetID = F0449A1D2702101B0022F165;
					};
					F0449A3E2702101D0022F165 = {
						CreatedOnToolsVersion = 12.5.1;
						TestTargetID = F0449A1D2702101B0022F165;
					};
				};
			};
			buildConfigurationList = F0449A192702101B0022F165 /* Build configuration list for PBXProject "WeatherAppCOmbine" */;
			compatibilityVersion = "Xcode 9.3";
			developmentRegion = en;
			hasScannedForEncodings = 0;
			knownRegions = (
				en,
				Base,
			);
			mainGroup = F0449A152702101B0022F165;
			productRefGroup = F0449A1F2702101B0022F165 /* Products */;
			projectDirPath = "";
			projectRoot = "";
			targets = (
				F0449A1D2702101B0022F165 /* WeatherAppCOmbine */,
				F0449A332702101D0022F165 /* WeatherAppCOmbineTests */,
				F0449A3E2702101D0022F165 /* WeatherAppCOmbineUITests */,
			);
		};
/* End PBXProject section */

/* Begin PBXResourcesBuildPhase section */
		F0449A1C2702101B0022F165 /* Resources */ = {
			isa = PBXResourcesBuildPhase;
			buildActionMask = 2147483647;
			files = (
				F0449A2E2702101D0022F165 /* LaunchScreen.storyboard in Resources */,
				F0449A2B2702101D0022F165 /* Assets.xcassets in Resources */,
				F0449A292702101B0022F165 /* Main.storyboard in Resources */,
			);
			runOnlyForDeploymentPostprocessing = 0;
		};
		F0449A322702101D0022F165 /* Resources */ = {
			isa = PBXResourcesBuildPhase;
			buildActionMask = 2147483647;
			files = (
			);
			runOnlyForDeploymentPostprocessing = 0;
		};
		F0449A3D2702101D0022F165 /* Resources */ = {
			isa = PBXResourcesBuildPhase;
			buildActionMask = 2147483647;
			files = (
			);
			runOnlyForDeploymentPostprocessing = 0;
		};
/* End PBXResourcesBuildPhase section */

/* Begin PBXSourcesBuildPhase section */
		F0449A1A2702101B0022F165 /* Sources */ = {
			isa = PBXSourcesBuildPhase;
			buildActionMask = 2147483647;
			files = (
				F0449A262702101B0022F165 /* ViewController.swift in Sources */,
				F0449A222702101B0022F165 /* AppDelegate.swift in Sources */,
				F0449A242702101B0022F165 /* SceneDelegate.swift in Sources */,
			);
			runOnlyForDeploymentPostprocessing = 0;
		};
		F0449A302702101D0022F165 /* Sources */ = {
			isa = PBXSourcesBuildPhase;
			buildActionMask = 2147483647;
			files = (
				F0449A392702101D0022F165 /* WeatherAppCOmbineTests.swift in Sources */,
			);
			runOnlyForDeploymentPostprocessing = 0;
		};
		F0449A3B2702101D0022F165 /* Sources */ = {
			isa = PBXSourcesBuildPhase;
			buildActionMask = 2147483647;
			files = (
				F0449A442702101D0022F165 /* WeatherAppCOmbineUITests.swift in Sources */,
			);
			runOnlyForDeploymentPostprocessing = 0;
		};
/* End PBXSourcesBuildPhase section */

/* Begin PBXTargetDependency section */
		F0449A362702101D0022F165 /* PBXTargetDependency */ = {
			isa = PBXTargetDependency;
			target = F0449A1D2702101B0022F165 /* WeatherAppCOmbine */;
			targetProxy = F0449A352702101D0022F165 /* PBXContainerItemProxy */;
		};
		F0449A412702101D0022F165 /* PBXTargetDependency */ = {
			isa = PBXTargetDependency;
			target = F0449A1D2702101B0022F165 /* WeatherAppCOmbine */;
			targetProxy = F0449A402702101D0022F165 /* PBXContainerItemProxy */;
		};
/* End PBXTargetDependency section */

/* Begin PBXVariantGroup section */
		F0449A272702101B0022F165 /* Main.storyboard */ = {
			isa = PBXVariantGroup;
			children = (
				F0449A282702101B0022F165 /* Base */,
			);
			name = Main.storyboard;
			sourceTree = "<group>";
		};
		F0449A2C2702101D0022F165 /* LaunchScreen.storyboard */ = {
			isa = PBXVariantGroup;
			children = (
				F0449A2D2702101D0022F165 /* Base */,
			);
			name = LaunchScreen.storyboard;
			sourceTree = "<group>";
		};
/* End PBXVariantGroup section */

/* Begin XCBuildConfiguration section */
		F0449A462702101E0022F165 /* Debug */ = {
			isa = XCBuildConfiguration;
			buildSettings = {
				ALWAYS_SEARCH_USER_PATHS = NO;
				CLANG_ANALYZER_NONNULL = YES;
				CLANG_ANALYZER_NUMBER_OBJECT_CONVERSION = YES_AGGRESSIVE;
				CLANG_CXX_LANGUAGE_STANDARD = "gnu++14";
				CLANG_CXX_LIBRARY = "libc++";
				CLANG_ENABLE_MODULES = YES;
				CLANG_ENABLE_OBJC_ARC = YES;
				CLANG_ENABLE_OBJC_WEAK = YES;
				CLANG_WARN_BLOCK_CAPTURE_AUTORELEASING = YES;
				CLANG_WARN_BOOL_CONVERSION = YES;
				CLANG_WARN_COMMA = YES;
				CLANG_WARN_CONSTANT_CONVERSION = YES;
				CLANG_WARN_DEPRECATED_OBJC_IMPLEMENTATIONS = YES;
				CLANG_WARN_DIRECT_OBJC_ISA_USAGE = YES_ERROR;
				CLANG_WARN_DOCUMENTATION_COMMENTS = YES;
				CLANG_WARN_EMPTY_BODY = YES;
				CLANG_WARN_ENUM_CONVERSION = YES;
				CLANG_WARN_INFINITE_RECURSION = YES;
				CLANG_WARN_INT_CONVERSION = YES;
				CLANG_WARN_NON_LITERAL_NULL_CONVERSION = YES;
				CLANG_WARN_OBJC_IMPLICIT_RETAIN_SELF = YES;
				CLANG_WARN_OBJC_LITERAL_CONVERSION = YES;
				CLANG_WARN_OBJC_ROOT_CLASS = YES_ERROR;
				CLANG_WARN_QUOTED_INCLUDE_IN_FRAMEWORK_HEADER = YES;
				CLANG_WARN_RANGE_LOOP_ANALYSIS = YES;
				CLANG_WARN_STRICT_PROTOTYPES = YES;
				CLANG_WARN_SUSPICIOUS_MOVE = YES;
				CLANG_WARN_UNGUARDED_AVAILABILITY = YES_AGGRESSIVE;
				CLANG_WARN_UNREACHABLE_CODE = YES;
				CLANG_WARN__DUPLICATE_METHOD_MATCH = YES;
				COPY_PHASE_STRIP = NO;
				DEBUG_INFORMATION_FORMAT = dwarf;
				ENABLE_STRICT_OBJC_MSGSEND = YES;
				ENABLE_TESTABILITY = YES;
				GCC_C_LANGUAGE_STANDARD = gnu11;
				GCC_DYNAMIC_NO_PIC = NO;
				GCC_NO_COMMON_BLOCKS = YES;
				GCC_OPTIMIZATION_LEVEL = 0;
				GCC_PREPROCESSOR_DEFINITIONS = (
					"DEBUG=1",
					"$(inherited)",
				);
				GCC_WARN_64_TO_32_BIT_CONVERSION = YES;
				GCC_WARN_ABOUT_RETURN_TYPE = YES_ERROR;
				GCC_WARN_UNDECLARED_SELECTOR = YES;
				GCC_WARN_UNINITIALIZED_AUTOS = YES_AGGRESSIVE;
				GCC_WARN_UNUSED_FUNCTION = YES;
				GCC_WARN_UNUSED_VARIABLE = YES;
				IPHONEOS_DEPLOYMENT_TARGET = 14.5;
				MTL_ENABLE_DEBUG_INFO = INCLUDE_SOURCE;
				MTL_FAST_MATH = YES;
				ONLY_ACTIVE_ARCH = YES;
				SDKROOT = iphoneos;
				SWIFT_ACTIVE_COMPILATION_CONDITIONS = DEBUG;
				SWIFT_OPTIMIZATION_LEVEL = "-Onone";
			};
			name = Debug;
		};
		F0449A472702101E0022F165 /* Release */ = {
			isa = XCBuildConfiguration;
			buildSettings = {
				ALWAYS_SEARCH_USER_PATHS = NO;
				CLANG_ANALYZER_NONNULL = YES;
				CLANG_ANALYZER_NUMBER_OBJECT_CONVERSION = YES_AGGRESSIVE;
				CLANG_CXX_LANGUAGE_STANDARD = "gnu++14";
				CLANG_CXX_LIBRARY = "libc++";
				CLANG_ENABLE_MODULES = YES;
				CLANG_ENABLE_OBJC_ARC = YES;
				CLANG_ENABLE_OBJC_WEAK = YES;
				CLANG_WARN_BLOCK_CAPTURE_AUTORELEASING = YES;
				CLANG_WARN_BOOL_CONVERSION = YES;
				CLANG_WARN_COMMA = YES;
				CLANG_WARN_CONSTANT_CONVERSION = YES;
				CLANG_WARN_DEPRECATED_OBJC_IMPLEMENTATIONS = YES;
				CLANG_WARN_DIRECT_OBJC_ISA_USAGE = YES_ERROR;
				CLANG_WARN_DOCUMENTATION_COMMENTS = YES;
				CLANG_WARN_EMPTY_BODY = YES;
				CLANG_WARN_ENUM_CONVERSION = YES;
				CLANG_WARN_INFINITE_RECURSION = YES;
				CLANG_WARN_INT_CONVERSION = YES;
				CLANG_WARN_NON_LITERAL_NULL_CONVERSION = YES;
				CLANG_WARN_OBJC_IMPLICIT_RETAIN_SELF = YES;
				CLANG_WARN_OBJC_LITERAL_CONVERSION = YES;
				CLANG_WARN_OBJC_ROOT_CLASS = YES_ERROR;
				CLANG_WARN_QUOTED_INCLUDE_IN_FRAMEWORK_HEADER = YES;
				CLANG_WARN_RANGE_LOOP_ANALYSIS = YES;
				CLANG_WARN_STRICT_PROTOTYPES = YES;
				CLANG_WARN_SUSPICIOUS_MOVE = YES;
				CLANG_WARN_UNGUARDED_AVAILABILITY = YES_AGGRESSIVE;
				CLANG_WARN_UNREACHABLE_CODE = YES;
				CLANG_WARN__DUPLICATE_METHOD_MATCH = YES;
				COPY_PHASE_STRIP = NO;
				DEBUG_INFORMATION_FORMAT = "dwarf-with-dsym";
				ENABLE_NS_ASSERTIONS = NO;
				ENABLE_STRICT_OBJC_MSGSEND = YES;
				GCC_C_LANGUAGE_STANDARD = gnu11;
				GCC_NO_COMMON_BLOCKS = YES;
				GCC_WARN_64_TO_32_BIT_CONVERSION = YES;
				GCC_WARN_ABOUT_RETURN_TYPE = YES_ERROR;
				GCC_WARN_UNDECLARED_SELECTOR = YES;
				GCC_WARN_UNINITIALIZED_AUTOS = YES_AGGRESSIVE;
				GCC_WARN_UNUSED_FUNCTION = YES;
				GCC_WARN_UNUSED_VARIABLE = YES;
				IPHONEOS_DEPLOYMENT_TARGET = 14.5;
				MTL_ENABLE_DEBUG_INFO = NO;
				MTL_FAST_MATH = YES;
				SDKROOT = iphoneos;
				SWIFT_COMPILATION_MODE = wholemodule;
				SWIFT_OPTIMIZATION_LEVEL = "-O";
				VALIDATE_PRODUCT = YES;
			};
			name = Release;
		};
		F0449A492702101E0022F165 /* Debug */ = {
			isa = XCBuildConfiguration;
			buildSettings = {
				ASSETCATALOG_COMPILER_APPICON_NAME = AppIcon;
				ASSETCATALOG_COMPILER_GLOBAL_ACCENT_COLOR_NAME = AccentColor;
				CODE_SIGN_STYLE = Automatic;
				DEVELOPMENT_TEAM = BW6HZA663P;
				INFOPLIST_FILE = WeatherAppCOmbine/Info.plist;
				LD_RUNPATH_SEARCH_PATHS = (
					"$(inherited)",
					"@executable_path/Frameworks",
				);
				PRODUCT_BUNDLE_IDENTIFIER = Berkat.WeatherAppCOmbine;
				PRODUCT_NAME = "$(TARGET_NAME)";
				SWIFT_VERSION = 5.0;
				TARGETED_DEVICE_FAMILY = "1,2";
			};
			name = Debug;
		};
		F0449A4A2702101E0022F165 /* Release */ = {
			isa = XCBuildConfiguration;
			buildSettings = {
				ASSETCATALOG_COMPILER_APPICON_NAME = AppIcon;
				ASSETCATALOG_COMPILER_GLOBAL_ACCENT_COLOR_NAME = AccentColor;
				CODE_SIGN_STYLE = Automatic;
				DEVELOPMENT_TEAM = BW6HZA663P;
				INFOPLIST_FILE = WeatherAppCOmbine/Info.plist;
				LD_RUNPATH_SEARCH_PATHS = (
					"$(inherited)",
					"@executable_path/Frameworks",
				);
				PRODUCT_BUNDLE_IDENTIFIER = Berkat.WeatherAppCOmbine;
				PRODUCT_NAME = "$(TARGET_NAME)";
				SWIFT_VERSION = 5.0;
				TARGETED_DEVICE_FAMILY = "1,2";
			};
			name = Release;
		};
		F0449A4C2702101E0022F165 /* Debug */ = {
			isa = XCBuildConfiguration;
			buildSettings = {
				ALWAYS_EMBED_SWIFT_STANDARD_LIBRARIES = YES;
				BUNDLE_LOADER = "$(TEST_HOST)";
				CODE_SIGN_STYLE = Automatic;
				DEVELOPMENT_TEAM = BW6HZA663P;
				INFOPLIST_FILE = WeatherAppCOmbineTests/Info.plist;
				IPHONEOS_DEPLOYMENT_TARGET = 14.5;
				LD_RUNPATH_SEARCH_PATHS = (
					"$(inherited)",
					"@executable_path/Frameworks",
					"@loader_path/Frameworks",
				);
				PRODUCT_BUNDLE_IDENTIFIER = Berkat.WeatherAppCOmbineTests;
				PRODUCT_NAME = "$(TARGET_NAME)";
				SWIFT_VERSION = 5.0;
				TARGETED_DEVICE_FAMILY = "1,2";
				TEST_HOST = "$(BUILT_PRODUCTS_DIR)/WeatherAppCOmbine.app/WeatherAppCOmbine";
			};
			name = Debug;
		};
		F0449A4D2702101E0022F165 /* Release */ = {
			isa = XCBuildConfiguration;
			buildSettings = {
				ALWAYS_EMBED_SWIFT_STANDARD_LIBRARIES = YES;
				BUNDLE_LOADER = "$(TEST_HOST)";
				CODE_SIGN_STYLE = Automatic;
				DEVELOPMENT_TEAM = BW6HZA663P;
				INFOPLIST_FILE = WeatherAppCOmbineTests/Info.plist;
				IPHONEOS_DEPLOYMENT_TARGET = 14.5;
				LD_RUNPATH_SEARCH_PATHS = (
					"$(inherited)",
					"@executable_path/Frameworks",
					"@loader_path/Frameworks",
				);
				PRODUCT_BUNDLE_IDENTIFIER = Berkat.WeatherAppCOmbineTests;
				PRODUCT_NAME = "$(TARGET_NAME)";
				SWIFT_VERSION = 5.0;
				TARGETED_DEVICE_FAMILY = "1,2";
				TEST_HOST = "$(BUILT_PRODUCTS_DIR)/WeatherAppCOmbine.app/WeatherAppCOmbine";
			};
			name = Release;
		};
		F0449A4F2702101E0022F165 /* Debug */ = {
			isa = XCBuildConfiguration;
			buildSettings = {
				ALWAYS_EMBED_SWIFT_STANDARD_LIBRARIES = YES;
				CODE_SIGN_STYLE = Automatic;
				DEVELOPMENT_TEAM = BW6HZA663P;
				INFOPLIST_FILE = WeatherAppCOmbineUITests/Info.plist;
				LD_RUNPATH_SEARCH_PATHS = (
					"$(inherited)",
					"@executable_path/Frameworks",
					"@loader_path/Frameworks",
				);
				PRODUCT_BUNDLE_IDENTIFIER = Berkat.WeatherAppCOmbineUITests;
				PRODUCT_NAME = "$(TARGET_NAME)";
				SWIFT_VERSION = 5.0;
				TARGETED_DEVICE_FAMILY = "1,2";
				TEST_TARGET_NAME = WeatherAppCOmbine;
			};
			name = Debug;
		};
		F0449A502702101E0022F165 /* Release */ = {
			isa = XCBuildConfiguration;
			buildSettings = {
				ALWAYS_EMBED_SWIFT_STANDARD_LIBRARIES = YES;
				CODE_SIGN_STYLE = Automatic;
				DEVELOPMENT_TEAM = BW6HZA663P;
				INFOPLIST_FILE = WeatherAppCOmbineUITests/Info.plist;
				LD_RUNPATH_SEARCH_PATHS = (
					"$(inherited)",
					"@executable_path/Frameworks",
					"@loader_path/Frameworks",
				);
				PRODUCT_BUNDLE_IDENTIFIER = Berkat.WeatherAppCOmbineUITests;
				PRODUCT_NAME = "$(TARGET_NAME)";
				SWIFT_VERSION = 5.0;
				TARGETED_DEVICE_FAMILY = "1,2";
				TEST_TARGET_NAME = WeatherAppCOmbine;
			};
			name = Release;
		};
/* End XCBuildConfiguration section */

/* Begin XCConfigurationList section */
		F0449A192702101B0022F165 /* Build configuration list for PBXProject "WeatherAppCOmbine" */ = {
			isa = XCConfigurationList;
			buildConfigurations = (
				F0449A462702101E0022F165 /* Debug */,
				F0449A472702101E0022F165 /* Release */,
			);
			defaultConfigurationIsVisible = 0;
			defaultConfigurationName = Release;
		};
		F0449A482702101E0022F165 /* Build configuration list for PBXNativeTarget "WeatherAppCOmbine" */ = {
			isa = XCConfigurationList;
			buildConfigurations = (
				F0449A492702101E0022F165 /* Debug */,
				F0449A4A2702101E0022F165 /* Release */,
			);
			defaultConfigurationIsVisible = 0;
			defaultConfigurationName = Release;
		};
		F0449A4B2702101E0022F165 /* Build configuration list for PBXNativeTarget "WeatherAppCOmbineTests" */ = {
			isa = XCConfigurationList;
			buildConfigurations = (
				F0449A4C2702101E0022F165 /* Debug */,
				F0449A4D2702101E0022F165 /* Release */,
			);
			defaultConfigurationIsVisible = 0;
			defaultConfigurationName = Release;
		};
		F0449A4E2702101E0022F165 /* Build configuration list for PBXNativeTarget "WeatherAppCOmbineUITests" */ = {
			isa = XCConfigurationList;
			buildConfigurations = (
				F0449A4F2702101E0022F165 /* Debug */,
				F0449A502702101E0022F165 /* Release */,
			);
			defaultConfigurationIsVisible = 0;
			defaultConfigurationName = Release;
		};
/* End XCConfigurationList section */
	};
	rootObject = F0449A162702101B0022F165 /* Project object */;
}
